<Solution>
  <Folder Name="/12ServiceDiscoveryPattern/">
    <Project Path="12ServiceDiscoveryPattern/CategoryWebAPI/CategoryWebAPI.csproj" />
    <Project Path="12ServiceDiscoveryPattern/ProductWebAPI/ProductWebAPI.csproj" />
  </Folder>
  <Folder Name="/16CleanArchitecture/">
    <Project Path="16CleanArchitecture/CleanArchitecture.Application/CleanArchitecture.Application.csproj" Id="73baa045-9cd4-4a8d-9301-2a95d701affa" />
    <Project Path="16CleanArchitecture/CleanArchitecture.Domain/CleanArchitecture.Domain.csproj" />
    <Project Path="16CleanArchitecture/CleanArchitecture.Infrastructure/CleanArchitecture.Infrastructure.csproj" Id="4529e88b-9ba1-4115-8ce8-f5a498b7c357" />
    <Project Path="16CleanArchitecture/CleanArchitecture.WebAPI/CleanArchitecture.WebAPI.csproj" />
    <Project Path="DesignPatternsAndArchitectures-BilgincITAcademy.AppHost/CleanArchitecture.AppHost.csproj" Id="43d2e613-0632-4bbe-b80c-1561ad7d3e5b" />
    <Project Path="DesignPatternsAndArchitectures-BilgincITAcademy.ServiceDefaults/CleanArchitecture.ServiceDefaults.csproj" />
  </Folder>
  <Folder Name="/Solution Items/">
    <File Path="README.md" />
  </Folder>
  <Project Path="00AspNetCoreFramework/00AspNetCoreFramework.csproj" Id="923a6453-e708-4274-b798-d48fa9b058b0" />
  <Project Path="01SingletonPattern/01SingletonPattern.csproj" Id="79b095c0-8368-4f21-bf25-0bc9814687c2" />
  <Project Path="02FactoryPattern/02FactoryPattern.csproj" Id="1346d149-e632-48ca-a801-b1f6d68cd78a" />
  <Project Path="03AbstractFactoryPattern/03AbstractFactoryPattern.csproj" Id="22fd3a57-a3ba-48c7-b70c-d1b7ffa43938" />
  <Project Path="04BuilderPattern/04BuilderPattern.csproj" Id="503dddf2-299a-4cc1-80c2-39cde54f2464" />
  <Project Path="05PrototyePattern/05PrototyePattern.csproj" Id="0426015f-c60c-48a7-8868-80fef9b66771" />
  <Project Path="06FacadePattern/06FacadePattern.csproj" Id="c69f4764-733c-4b1e-b159-4e4f8f174e44" />
  <Project Path="07ProxyPattern/07ProxyPattern.csproj" Id="6ea85021-c045-4e6c-9191-e1212e30de63" />
  <Project Path="08ServiceRepositoryUnitOfWorkPattern/08ServiceRepositoryUnitOfWorkPattern.csproj" Id="445e67c7-1cb3-4bee-8587-0624990896b7" />
  <Project Path="09CommandMediatorCQRSPattern/09CommandMediatorCQRSPattern.csproj" Id="b05d1bca-c270-4602-a68c-7a456e1a11c3" />
  <Project Path="10OptionsPattern/10OptionsPattern.csproj" Id="3efe3f1f-1373-4cc2-8964-4f751ad52325" />
  <Project Path="11ResultPattern/11ResultPattern.csproj" Id="7f6659d2-2680-4954-b28a-0c974f887bf6" />
  <Project Path="12OutboxPattern/12OutboxPattern.csproj" Id="a5a7993e-fa02-4b12-9592-9c63d80fbbd2" />
  <Project Path="13ObserverPatternChannelsLibrary/13ObserverPatternChannelsLibrary.csproj" Id="515f62db-78f6-40aa-b238-4b2ed20e80ba" />
  <Project Path="14RateLimitingPattern/14RateLimitingPattern.csproj" Id="3c18eaa3-b3bf-4d56-9025-5fd871821170" />
  <Project Path="15CircuitBreakerPattern/15CircuitBreakerPattern.csproj" />
  <Project Path="_TestWebAPI/_TestWebAPI.csproj" Id="351fa0fb-48d7-4059-8e28-505986e814e5" />
</Solution>
