<Solution>
  <Folder Name="/Solution Items/">
    <File Path="README.md" />
  </Folder>
  <Project Path="00AspNetCoreFramework/00AspNetCoreFramework.csproj" Id="923a6453-e708-4274-b798-d48fa9b058b0" />
  <Project Path="01SingletonPattern/01SingletonPattern.csproj" Id="79b095c0-8368-4f21-bf25-0bc9814687c2" />
  <Project Path="02FactoryPattern/02FactoryPattern.csproj" Id="1346d149-e632-48ca-a801-b1f6d68cd78a" />
  <Project Path="_TestWebAPI/_TestWebAPI.csproj" Id="351fa0fb-48d7-4059-8e28-505986e814e5" />
</Solution>
